
Microsoft Visual Studio Solution File, Format Version 12.00
# Visual Studio Version 16
VisualStudioVersion = 16.0.30114.105
MinimumVisualStudioVersion = 10.0.40219.1
Project("{9A19103F-16F7-4668-BE54-9A1E7A4F7556}") = "Strain", "Strain.csproj", "{74394CA9-653F-4DBE-88A0-2A947EB39965}"
EndProject
Global
	GlobalSection(SolutionConfigurationPlatforms) = preSolution
		Debug|Any CPU = Debug|Any CPU
		Release|Any CPU = Release|Any CPU
	EndGlobalSection
	GlobalSection(ProjectConfigurationPlatforms) = postSolution
		{74394CA9-653F-4DBE-88A0-2A947EB39965}.Debug|Any CPU.ActiveCfg = Debug|Any CPU
		{74394CA9-653F-4DBE-88A0-2A947EB39965}.Debug|Any CPU.Build.0 = Debug|Any CPU
		{74394CA9-653F-4DBE-88A0-2A947EB39965}.Release|Any CPU.ActiveCfg = Release|Any CPU
		{74394CA9-653F-4DBE-88A0-2A947EB39965}.Release|Any CPU.Build.0 = Release|Any CPU
	EndGlobalSection
	GlobalSection(SolutionProperties) = preSolution
		HideSolutionNode = FALSE
	EndGlobalSection
	GlobalSection(ExtensibilityGlobals) = postSolution
		SolutionGuid = {0FE5C421-EE26-40A1-BC34-AC16482AFB28}
	EndGlobalSection
EndGlobal
