
Microsoft Visual Studio Solution File, Format Version 12.00
# Visual Studio Version 16
VisualStudioVersion = 16.0.30011.22
MinimumVisualStudioVersion = 10.0.40219.1
Project("{9A19103F-16F7-4668-BE54-9A1E7A4F7556}") = "NucleotideCount", "NucleotideCount.csproj", "{F67B7C2D-177A-41DF-B8EF-BB0185248BA7}"
EndProject
Global
	GlobalSection(SolutionConfigurationPlatforms) = preSolution
		Debug|Any CPU = Debug|Any CPU
		Release|Any CPU = Release|Any CPU
	EndGlobalSection
	GlobalSection(ProjectConfigurationPlatforms) = postSolution
		{F67B7C2D-177A-41DF-B8EF-BB0185248BA7}.Debug|Any CPU.ActiveCfg = Debug|Any CPU
		{F67B7C2D-177A-41DF-B8EF-BB0185248BA7}.Debug|Any CPU.Build.0 = Debug|Any CPU
		{F67B7C2D-177A-41DF-B8EF-BB0185248BA7}.Release|Any CPU.ActiveCfg = Release|Any CPU
		{F67B7C2D-177A-41DF-B8EF-BB0185248BA7}.Release|Any CPU.Build.0 = Release|Any CPU
	EndGlobalSection
	GlobalSection(SolutionProperties) = preSolution
		HideSolutionNode = FALSE
	EndGlobalSection
	GlobalSection(ExtensibilityGlobals) = postSolution
		SolutionGuid = {2474429B-E3FD-42BB-87E6-27AB6FB714FE}
	EndGlobalSection
EndGlobal
