
Microsoft Visual Studio Solution File, Format Version 12.00
# Visual Studio Version 16
VisualStudioVersion = 16.0.30114.105
MinimumVisualStudioVersion = 10.0.40219.1
Project("{9A19103F-16F7-4668-BE54-9A1E7A4F7556}") = "Darts", "Darts.csproj", "{5913E33C-63D7-4F5A-ADCB-F3FA87C8B021}"
EndProject
Global
	GlobalSection(SolutionConfigurationPlatforms) = preSolution
		Debug|Any CPU = Debug|Any CPU
		Release|Any CPU = Release|Any CPU
	EndGlobalSection
	GlobalSection(ProjectConfigurationPlatforms) = postSolution
		{5913E33C-63D7-4F5A-ADCB-F3FA87C8B021}.Debug|Any CPU.ActiveCfg = Debug|Any CPU
		{5913E33C-63D7-4F5A-ADCB-F3FA87C8B021}.Debug|Any CPU.Build.0 = Debug|Any CPU
		{5913E33C-63D7-4F5A-ADCB-F3FA87C8B021}.Release|Any CPU.ActiveCfg = Release|Any CPU
		{5913E33C-63D7-4F5A-ADCB-F3FA87C8B021}.Release|Any CPU.Build.0 = Release|Any CPU
	EndGlobalSection
	GlobalSection(SolutionProperties) = preSolution
		HideSolutionNode = FALSE
	EndGlobalSection
	GlobalSection(ExtensibilityGlobals) = postSolution
		SolutionGuid = {B10778D9-A2AC-490A-BFBC-EF758642BAF2}
	EndGlobalSection
EndGlobal
