
Microsoft Visual Studio Solution File, Format Version 12.00
# Visual Studio Version 16
VisualStudioVersion = 16.0.30011.22
MinimumVisualStudioVersion = 10.0.40219.1
Project("{9A19103F-16F7-4668-BE54-9A1E7A4F7556}") = "LargestSeriesProduct", "LargestSeriesProduct.csproj", "{5A3232C5-355E-4EB8-B411-138BC9B87FCD}"
EndProject
Global
	GlobalSection(SolutionConfigurationPlatforms) = preSolution
		Debug|Any CPU = Debug|Any CPU
		Release|Any CPU = Release|Any CPU
	EndGlobalSection
	GlobalSection(ProjectConfigurationPlatforms) = postSolution
		{5A3232C5-355E-4EB8-B411-138BC9B87FCD}.Debug|Any CPU.ActiveCfg = Debug|Any CPU
		{5A3232C5-355E-4EB8-B411-138BC9B87FCD}.Debug|Any CPU.Build.0 = Debug|Any CPU
		{5A3232C5-355E-4EB8-B411-138BC9B87FCD}.Release|Any CPU.ActiveCfg = Release|Any CPU
		{5A3232C5-355E-4EB8-B411-138BC9B87FCD}.Release|Any CPU.Build.0 = Release|Any CPU
	EndGlobalSection
	GlobalSection(SolutionProperties) = preSolution
		HideSolutionNode = FALSE
	EndGlobalSection
	GlobalSection(ExtensibilityGlobals) = postSolution
		SolutionGuid = {249F3CA4-B748-4F43-AED9-EC35DCA2E000}
	EndGlobalSection
EndGlobal
