
Microsoft Visual Studio Solution File, Format Version 12.00
# Visual Studio Version 16
VisualStudioVersion = 16.0.30104.148
MinimumVisualStudioVersion = 10.0.40219.1
Project("{9A19103F-16F7-4668-BE54-9A1E7A4F7556}") = "Allergies", "Allergies.csproj", "{376C5312-C4B4-4262-8AC9-9E6EF09A4C4F}"
EndProject
Global
	GlobalSection(SolutionConfigurationPlatforms) = preSolution
		Debug|Any CPU = Debug|Any CPU
		Release|Any CPU = Release|Any CPU
	EndGlobalSection
	GlobalSection(ProjectConfigurationPlatforms) = postSolution
		{376C5312-C4B4-4262-8AC9-9E6EF09A4C4F}.Debug|Any CPU.ActiveCfg = Debug|Any CPU
		{376C5312-C4B4-4262-8AC9-9E6EF09A4C4F}.Debug|Any CPU.Build.0 = Debug|Any CPU
		{376C5312-C4B4-4262-8AC9-9E6EF09A4C4F}.Release|Any CPU.ActiveCfg = Release|Any CPU
		{376C5312-C4B4-4262-8AC9-9E6EF09A4C4F}.Release|Any CPU.Build.0 = Release|Any CPU
	EndGlobalSection
	GlobalSection(SolutionProperties) = preSolution
		HideSolutionNode = FALSE
	EndGlobalSection
	GlobalSection(ExtensibilityGlobals) = postSolution
		SolutionGuid = {1D994C7C-64DC-4B51-BBD9-90E8A6C4EAA9}
	EndGlobalSection
EndGlobal
