
Microsoft Visual Studio Solution File, Format Version 12.00
# Visual Studio Version 16
VisualStudioVersion = 16.0.30204.135
MinimumVisualStudioVersion = 10.0.40219.1
Project("{9A19103F-16F7-4668-BE54-9A1E7A4F7556}") = "KindergartenGarden", "KindergartenGarden.csproj", "{1B0CE3AC-6AA2-4B9E-9A26-1AC76EF7CC9C}"
EndProject
Global
	GlobalSection(SolutionConfigurationPlatforms) = preSolution
		Debug|Any CPU = Debug|Any CPU
		Release|Any CPU = Release|Any CPU
	EndGlobalSection
	GlobalSection(ProjectConfigurationPlatforms) = postSolution
		{1B0CE3AC-6AA2-4B9E-9A26-1AC76EF7CC9C}.Debug|Any CPU.ActiveCfg = Debug|Any CPU
		{1B0CE3AC-6AA2-4B9E-9A26-1AC76EF7CC9C}.Debug|Any CPU.Build.0 = Debug|Any CPU
		{1B0CE3AC-6AA2-4B9E-9A26-1AC76EF7CC9C}.Release|Any CPU.ActiveCfg = Release|Any CPU
		{1B0CE3AC-6AA2-4B9E-9A26-1AC76EF7CC9C}.Release|Any CPU.Build.0 = Release|Any CPU
	EndGlobalSection
	GlobalSection(SolutionProperties) = preSolution
		HideSolutionNode = FALSE
	EndGlobalSection
	GlobalSection(ExtensibilityGlobals) = postSolution
		SolutionGuid = {380751D3-07D7-4104-A879-C0679DACA47A}
	EndGlobalSection
EndGlobal
