
Microsoft Visual Studio Solution File, Format Version 12.00
# Visual Studio Version 16
VisualStudioVersion = 16.0.30225.117
MinimumVisualStudioVersion = 10.0.40219.1
Project("{9A19103F-16F7-4668-BE54-9A1E7A4F7556}") = "Matrix", "Matrix.csproj", "{1FB15B22-49BF-4154-9988-A21A90E51627}"
EndProject
Global
	GlobalSection(SolutionConfigurationPlatforms) = preSolution
		Debug|Any CPU = Debug|Any CPU
		Release|Any CPU = Release|Any CPU
	EndGlobalSection
	GlobalSection(ProjectConfigurationPlatforms) = postSolution
		{1FB15B22-49BF-4154-9988-A21A90E51627}.Debug|Any CPU.ActiveCfg = Debug|Any CPU
		{1FB15B22-49BF-4154-9988-A21A90E51627}.Debug|Any CPU.Build.0 = Debug|Any CPU
		{1FB15B22-49BF-4154-9988-A21A90E51627}.Release|Any CPU.ActiveCfg = Release|Any CPU
		{1FB15B22-49BF-4154-9988-A21A90E51627}.Release|Any CPU.Build.0 = Release|Any CPU
	EndGlobalSection
	GlobalSection(SolutionProperties) = preSolution
		HideSolutionNode = FALSE
	EndGlobalSection
	GlobalSection(ExtensibilityGlobals) = postSolution
		SolutionGuid = {D8699101-564B-48DB-B685-CB79F76C39F6}
	EndGlobalSection
EndGlobal
