
Microsoft Visual Studio Solution File, Format Version 12.00
# Visual Studio Version 16
VisualStudioVersion = 16.0.29926.136
MinimumVisualStudioVersion = 10.0.40219.1
Project("{FAE04EC0-301F-11D3-BF4B-00C04F79EFBC}") = "_RunDosCommand", "_RunDosCommand\_RunDosCommand.csproj", "{F6C82D44-DA9D-479C-99D3-42A636A608CB}"
EndProject
Global
	GlobalSection(SolutionConfigurationPlatforms) = preSolution
		Debug|Any CPU = Debug|Any CPU
		Release|Any CPU = Release|Any CPU
	EndGlobalSection
	GlobalSection(ProjectConfigurationPlatforms) = postSolution
		{F6C82D44-DA9D-479C-99D3-42A636A608CB}.Debug|Any CPU.ActiveCfg = Debug|Any CPU
		{F6C82D44-DA9D-479C-99D3-42A636A608CB}.Debug|Any CPU.Build.0 = Debug|Any CPU
		{F6C82D44-DA9D-479C-99D3-42A636A608CB}.Release|Any CPU.ActiveCfg = Release|Any CPU
		{F6C82D44-DA9D-479C-99D3-42A636A608CB}.Release|Any CPU.Build.0 = Release|Any CPU
	EndGlobalSection
	GlobalSection(SolutionProperties) = preSolution
		HideSolutionNode = FALSE
	EndGlobalSection
	GlobalSection(ExtensibilityGlobals) = postSolution
		SolutionGuid = {260EFE04-8C1A-4613-A2B4-0598A47619D1}
	EndGlobalSection
EndGlobal
