
Microsoft Visual Studio Solution File, Format Version 12.00
# Visual Studio Version 16
VisualStudioVersion = 16.0.30114.105
MinimumVisualStudioVersion = 10.0.40219.1
Project("{9A19103F-16F7-4668-BE54-9A1E7A4F7556}") = "ProteinTranslation", "ProteinTranslation.csproj", "{A0719A66-F4A4-4FD6-A182-59A47025257B}"
EndProject
Global
	GlobalSection(SolutionConfigurationPlatforms) = preSolution
		Debug|Any CPU = Debug|Any CPU
		Release|Any CPU = Release|Any CPU
	EndGlobalSection
	GlobalSection(ProjectConfigurationPlatforms) = postSolution
		{A0719A66-F4A4-4FD6-A182-59A47025257B}.Debug|Any CPU.ActiveCfg = Debug|Any CPU
		{A0719A66-F4A4-4FD6-A182-59A47025257B}.Debug|Any CPU.Build.0 = Debug|Any CPU
		{A0719A66-F4A4-4FD6-A182-59A47025257B}.Release|Any CPU.ActiveCfg = Release|Any CPU
		{A0719A66-F4A4-4FD6-A182-59A47025257B}.Release|Any CPU.Build.0 = Release|Any CPU
	EndGlobalSection
	GlobalSection(SolutionProperties) = preSolution
		HideSolutionNode = FALSE
	EndGlobalSection
	GlobalSection(ExtensibilityGlobals) = postSolution
		SolutionGuid = {9583C4C7-BBF6-467C-8E2F-1F35810A3F59}
	EndGlobalSection
EndGlobal
