
Microsoft Visual Studio Solution File, Format Version 12.00
# Visual Studio Version 16
VisualStudioVersion = 16.0.30804.86
MinimumVisualStudioVersion = 10.0.40219.1
Project("{888888A0-9F3D-457C-B088-3A5042F75D52}") = "hello-world", "hello-world.pyproj", "{344DCC59-F52F-49E9-83BD-8FAADFC4C3D2}"
EndProject
Global
	GlobalSection(SolutionConfigurationPlatforms) = preSolution
		Debug|Any CPU = Debug|Any CPU
		Release|Any CPU = Release|Any CPU
	EndGlobalSection
	GlobalSection(ProjectConfigurationPlatforms) = postSolution
		{344DCC59-F52F-49E9-83BD-8FAADFC4C3D2}.Debug|Any CPU.ActiveCfg = Debug|Any CPU
		{344DCC59-F52F-49E9-83BD-8FAADFC4C3D2}.Release|Any CPU.ActiveCfg = Release|Any CPU
	EndGlobalSection
	GlobalSection(SolutionProperties) = preSolution
		HideSolutionNode = FALSE
	EndGlobalSection
	GlobalSection(ExtensibilityGlobals) = postSolution
		SolutionGuid = {8F0D3198-FC24-44BD-AB3B-9376DFB6FAEE}
	EndGlobalSection
EndGlobal
