
Microsoft Visual Studio Solution File, Format Version 12.00
# Visual Studio Version 16
VisualStudioVersion = 16.0.30717.126
MinimumVisualStudioVersion = 10.0.40219.1
Project("{9A19103F-16F7-4668-BE54-9A1E7A4F7556}") = "MatchingBrackets", "MatchingBrackets.csproj", "{DEDFE325-043E-4BD5-ABF3-25E8873DEDA4}"
EndProject
Global
	GlobalSection(SolutionConfigurationPlatforms) = preSolution
		Debug|Any CPU = Debug|Any CPU
		Release|Any CPU = Release|Any CPU
	EndGlobalSection
	GlobalSection(ProjectConfigurationPlatforms) = postSolution
		{DEDFE325-043E-4BD5-ABF3-25E8873DEDA4}.Debug|Any CPU.ActiveCfg = Debug|Any CPU
		{DEDFE325-043E-4BD5-ABF3-25E8873DEDA4}.Debug|Any CPU.Build.0 = Debug|Any CPU
		{DEDFE325-043E-4BD5-ABF3-25E8873DEDA4}.Release|Any CPU.ActiveCfg = Release|Any CPU
		{DEDFE325-043E-4BD5-ABF3-25E8873DEDA4}.Release|Any CPU.Build.0 = Release|Any CPU
	EndGlobalSection
	GlobalSection(SolutionProperties) = preSolution
		HideSolutionNode = FALSE
	EndGlobalSection
	GlobalSection(ExtensibilityGlobals) = postSolution
		SolutionGuid = {816043FD-6CDA-4E6C-9205-AAE2717ADC75}
	EndGlobalSection
EndGlobal
