
Microsoft Visual Studio Solution File, Format Version 12.00
# Visual Studio Version 16
VisualStudioVersion = 16.0.30406.217
MinimumVisualStudioVersion = 10.0.40219.1
Project("{9A19103F-16F7-4668-BE54-9A1E7A4F7556}") = "CircularBuffer", "CircularBuffer.csproj", "{CC8625A7-F454-46EE-85BE-5E302AE75A4E}"
EndProject
Global
	GlobalSection(SolutionConfigurationPlatforms) = preSolution
		Debug|Any CPU = Debug|Any CPU
		Release|Any CPU = Release|Any CPU
	EndGlobalSection
	GlobalSection(ProjectConfigurationPlatforms) = postSolution
		{CC8625A7-F454-46EE-85BE-5E302AE75A4E}.Debug|Any CPU.ActiveCfg = Debug|Any CPU
		{CC8625A7-F454-46EE-85BE-5E302AE75A4E}.Debug|Any CPU.Build.0 = Debug|Any CPU
		{CC8625A7-F454-46EE-85BE-5E302AE75A4E}.Release|Any CPU.ActiveCfg = Release|Any CPU
		{CC8625A7-F454-46EE-85BE-5E302AE75A4E}.Release|Any CPU.Build.0 = Release|Any CPU
	EndGlobalSection
	GlobalSection(SolutionProperties) = preSolution
		HideSolutionNode = FALSE
	EndGlobalSection
	GlobalSection(ExtensibilityGlobals) = postSolution
		SolutionGuid = {59EAC991-178E-43D9-BA10-8108D23DC516}
	EndGlobalSection
EndGlobal
