
Microsoft Visual Studio Solution File, Format Version 12.00
# Visual Studio 15
VisualStudioVersion = 15.0.28307.1022
MinimumVisualStudioVersion = 10.0.40219.1
Project("{FAE04EC0-301F-11D3-BF4B-00C04F79EFBC}") = "WindowsFormsApp1", "WindowsFormsApp1\WindowsFormsApp1.csproj", "{BEBB21B3-5021-420D-91A2-8081A0C19082}"
EndProject
Global
	GlobalSection(SolutionConfigurationPlatforms) = preSolution
		Debug|Any CPU = Debug|Any CPU
		Release|Any CPU = Release|Any CPU
	EndGlobalSection
	GlobalSection(ProjectConfigurationPlatforms) = postSolution
		{BEBB21B3-5021-420D-91A2-8081A0C19082}.Debug|Any CPU.ActiveCfg = Debug|Any CPU
		{BEBB21B3-5021-420D-91A2-8081A0C19082}.Debug|Any CPU.Build.0 = Debug|Any CPU
		{BEBB21B3-5021-420D-91A2-8081A0C19082}.Release|Any CPU.ActiveCfg = Release|Any CPU
		{BEBB21B3-5021-420D-91A2-8081A0C19082}.Release|Any CPU.Build.0 = Release|Any CPU
	EndGlobalSection
	GlobalSection(SolutionProperties) = preSolution
		HideSolutionNode = FALSE
	EndGlobalSection
	GlobalSection(ExtensibilityGlobals) = postSolution
		SolutionGuid = {087A745E-22D5-45FD-B4DE-EB2C182FF950}
	EndGlobalSection
EndGlobal
