
Microsoft Visual Studio Solution File, Format Version 12.00
# Visual Studio Version 16
VisualStudioVersion = 16.0.30011.22
MinimumVisualStudioVersion = 10.0.40219.1
Project("{9A19103F-16F7-4668-BE54-9A1E7A4F7556}") = "HighScores", "HighScores.csproj", "{F80900FA-6B57-465A-80BD-AE9F09D3D1E3}"
EndProject
Global
	GlobalSection(SolutionConfigurationPlatforms) = preSolution
		Debug|Any CPU = Debug|Any CPU
		Release|Any CPU = Release|Any CPU
	EndGlobalSection
	GlobalSection(ProjectConfigurationPlatforms) = postSolution
		{F80900FA-6B57-465A-80BD-AE9F09D3D1E3}.Debug|Any CPU.ActiveCfg = Debug|Any CPU
		{F80900FA-6B57-465A-80BD-AE9F09D3D1E3}.Debug|Any CPU.Build.0 = Debug|Any CPU
		{F80900FA-6B57-465A-80BD-AE9F09D3D1E3}.Release|Any CPU.ActiveCfg = Release|Any CPU
		{F80900FA-6B57-465A-80BD-AE9F09D3D1E3}.Release|Any CPU.Build.0 = Release|Any CPU
	EndGlobalSection
	GlobalSection(SolutionProperties) = preSolution
		HideSolutionNode = FALSE
	EndGlobalSection
	GlobalSection(ExtensibilityGlobals) = postSolution
		SolutionGuid = {E85A9EB8-1D53-416B-B2EB-6655471AD8E5}
	EndGlobalSection
EndGlobal
