
Microsoft Visual Studio Solution File, Format Version 12.00
# Visual Studio Version 16
VisualStudioVersion = 16.0.30011.22
MinimumVisualStudioVersion = 10.0.40219.1
Project("{9A19103F-16F7-4668-BE54-9A1E7A4F7556}") = "Series", "Series.csproj", "{1CC3B458-B505-493F-9DD7-B8E03CB613FF}"
EndProject
Global
	GlobalSection(SolutionConfigurationPlatforms) = preSolution
		Debug|Any CPU = Debug|Any CPU
		Release|Any CPU = Release|Any CPU
	EndGlobalSection
	GlobalSection(ProjectConfigurationPlatforms) = postSolution
		{1CC3B458-B505-493F-9DD7-B8E03CB613FF}.Debug|Any CPU.ActiveCfg = Debug|Any CPU
		{1CC3B458-B505-493F-9DD7-B8E03CB613FF}.Debug|Any CPU.Build.0 = Debug|Any CPU
		{1CC3B458-B505-493F-9DD7-B8E03CB613FF}.Release|Any CPU.ActiveCfg = Release|Any CPU
		{1CC3B458-B505-493F-9DD7-B8E03CB613FF}.Release|Any CPU.Build.0 = Release|Any CPU
	EndGlobalSection
	GlobalSection(SolutionProperties) = preSolution
		HideSolutionNode = FALSE
	EndGlobalSection
	GlobalSection(ExtensibilityGlobals) = postSolution
		SolutionGuid = {CFE539FE-98D1-4A40-9C2D-F14AB11E17BE}
	EndGlobalSection
EndGlobal
