
Microsoft Visual Studio Solution File, Format Version 12.00
# Visual Studio Version 16
VisualStudioVersion = 16.0.30011.22
MinimumVisualStudioVersion = 10.0.40219.1
Project("{9A19103F-16F7-4668-BE54-9A1E7A4F7556}") = "Hamming", "Hamming.csproj", "{A710D2C5-347F-4D8D-AE7C-3F06EB0C7889}"
EndProject
Global
	GlobalSection(SolutionConfigurationPlatforms) = preSolution
		Debug|Any CPU = Debug|Any CPU
		Release|Any CPU = Release|Any CPU
	EndGlobalSection
	GlobalSection(ProjectConfigurationPlatforms) = postSolution
		{A710D2C5-347F-4D8D-AE7C-3F06EB0C7889}.Debug|Any CPU.ActiveCfg = Debug|Any CPU
		{A710D2C5-347F-4D8D-AE7C-3F06EB0C7889}.Debug|Any CPU.Build.0 = Debug|Any CPU
		{A710D2C5-347F-4D8D-AE7C-3F06EB0C7889}.Release|Any CPU.ActiveCfg = Release|Any CPU
		{A710D2C5-347F-4D8D-AE7C-3F06EB0C7889}.Release|Any CPU.Build.0 = Release|Any CPU
	EndGlobalSection
	GlobalSection(SolutionProperties) = preSolution
		HideSolutionNode = FALSE
	EndGlobalSection
	GlobalSection(ExtensibilityGlobals) = postSolution
		SolutionGuid = {3C749153-5E29-47DB-A34A-8E723E440D04}
	EndGlobalSection
EndGlobal
