
Microsoft Visual Studio Solution File, Format Version 12.00
# Visual Studio Version 16
VisualStudioVersion = 16.0.30114.105
MinimumVisualStudioVersion = 10.0.40219.1
Project("{9A19103F-16F7-4668-BE54-9A1E7A4F7556}") = "BeerSong", "BeerSong.csproj", "{7CADA7F9-69F6-459D-A4D1-130587330C29}"
EndProject
Global
	GlobalSection(SolutionConfigurationPlatforms) = preSolution
		Debug|Any CPU = Debug|Any CPU
		Release|Any CPU = Release|Any CPU
	EndGlobalSection
	GlobalSection(ProjectConfigurationPlatforms) = postSolution
		{7CADA7F9-69F6-459D-A4D1-130587330C29}.Debug|Any CPU.ActiveCfg = Debug|Any CPU
		{7CADA7F9-69F6-459D-A4D1-130587330C29}.Debug|Any CPU.Build.0 = Debug|Any CPU
		{7CADA7F9-69F6-459D-A4D1-130587330C29}.Release|Any CPU.ActiveCfg = Release|Any CPU
		{7CADA7F9-69F6-459D-A4D1-130587330C29}.Release|Any CPU.Build.0 = Release|Any CPU
	EndGlobalSection
	GlobalSection(SolutionProperties) = preSolution
		HideSolutionNode = FALSE
	EndGlobalSection
	GlobalSection(ExtensibilityGlobals) = postSolution
		SolutionGuid = {601096C4-1377-4E03-9D0A-2BB0A4363444}
	EndGlobalSection
EndGlobal
