
Microsoft Visual Studio Solution File, Format Version 12.00
# Visual Studio Version 16
VisualStudioVersion = 16.0.30011.22
MinimumVisualStudioVersion = 10.0.40219.1
Project("{9A19103F-16F7-4668-BE54-9A1E7A4F7556}") = "CollatzConjecture", "CollatzConjecture.csproj", "{7EC84F08-D0F8-42AA-9C95-7523077F9CF8}"
EndProject
Global
	GlobalSection(SolutionConfigurationPlatforms) = preSolution
		Debug|Any CPU = Debug|Any CPU
		Release|Any CPU = Release|Any CPU
	EndGlobalSection
	GlobalSection(ProjectConfigurationPlatforms) = postSolution
		{7EC84F08-D0F8-42AA-9C95-7523077F9CF8}.Debug|Any CPU.ActiveCfg = Debug|Any CPU
		{7EC84F08-D0F8-42AA-9C95-7523077F9CF8}.Debug|Any CPU.Build.0 = Debug|Any CPU
		{7EC84F08-D0F8-42AA-9C95-7523077F9CF8}.Release|Any CPU.ActiveCfg = Release|Any CPU
		{7EC84F08-D0F8-42AA-9C95-7523077F9CF8}.Release|Any CPU.Build.0 = Release|Any CPU
	EndGlobalSection
	GlobalSection(SolutionProperties) = preSolution
		HideSolutionNode = FALSE
	EndGlobalSection
	GlobalSection(ExtensibilityGlobals) = postSolution
		SolutionGuid = {CB7E48F5-1471-42E1-BA4B-1614C9F50EAB}
	EndGlobalSection
EndGlobal
