
Microsoft Visual Studio Solution File, Format Version 12.00
# Visual Studio Version 16
VisualStudioVersion = 16.0.30011.22
MinimumVisualStudioVersion = 10.0.40219.1
Project("{9A19103F-16F7-4668-BE54-9A1E7A4F7556}") = "Meetup", "Meetup.csproj", "{2E3F65BA-7CD4-44BA-9C69-EA31D8505B04}"
EndProject
Global
	GlobalSection(SolutionConfigurationPlatforms) = preSolution
		Debug|Any CPU = Debug|Any CPU
		Release|Any CPU = Release|Any CPU
	EndGlobalSection
	GlobalSection(ProjectConfigurationPlatforms) = postSolution
		{2E3F65BA-7CD4-44BA-9C69-EA31D8505B04}.Debug|Any CPU.ActiveCfg = Debug|Any CPU
		{2E3F65BA-7CD4-44BA-9C69-EA31D8505B04}.Debug|Any CPU.Build.0 = Debug|Any CPU
		{2E3F65BA-7CD4-44BA-9C69-EA31D8505B04}.Release|Any CPU.ActiveCfg = Release|Any CPU
		{2E3F65BA-7CD4-44BA-9C69-EA31D8505B04}.Release|Any CPU.Build.0 = Release|Any CPU
	EndGlobalSection
	GlobalSection(SolutionProperties) = preSolution
		HideSolutionNode = FALSE
	EndGlobalSection
	GlobalSection(ExtensibilityGlobals) = postSolution
		SolutionGuid = {1A4B7824-44D9-4ACD-91FC-5CF9E63AEDF0}
	EndGlobalSection
EndGlobal
