
Microsoft Visual Studio Solution File, Format Version 12.00
# Visual Studio Version 16
VisualStudioVersion = 16.0.30011.22
MinimumVisualStudioVersion = 10.0.40219.1
Project("{9A19103F-16F7-4668-BE54-9A1E7A4F7556}") = "SpaceAge", "SpaceAge.csproj", "{573CD820-1798-458E-B3BF-8614BAAD72D7}"
EndProject
Global
	GlobalSection(SolutionConfigurationPlatforms) = preSolution
		Debug|Any CPU = Debug|Any CPU
		Release|Any CPU = Release|Any CPU
	EndGlobalSection
	GlobalSection(ProjectConfigurationPlatforms) = postSolution
		{573CD820-1798-458E-B3BF-8614BAAD72D7}.Debug|Any CPU.ActiveCfg = Debug|Any CPU
		{573CD820-1798-458E-B3BF-8614BAAD72D7}.Debug|Any CPU.Build.0 = Debug|Any CPU
		{573CD820-1798-458E-B3BF-8614BAAD72D7}.Release|Any CPU.ActiveCfg = Release|Any CPU
		{573CD820-1798-458E-B3BF-8614BAAD72D7}.Release|Any CPU.Build.0 = Release|Any CPU
	EndGlobalSection
	GlobalSection(SolutionProperties) = preSolution
		HideSolutionNode = FALSE
	EndGlobalSection
	GlobalSection(ExtensibilityGlobals) = postSolution
		SolutionGuid = {6C49D36F-345F-43CA-8475-664332B978FD}
	EndGlobalSection
EndGlobal
